
Microsoft Visual Studio Solution File, Format Version 12.00
# Visual Studio Version 17
Project("{8BC9CEB8-8B4A-11D0-8D11-00A0C91BC942}") = "ImGui", "OceanSimulation\vendor\imgui\ImGui.vcxproj", "{C0FF640D-2C14-8DBE-F595-301E616989EF}"
EndProject
Project("{8BC9CEB8-8B4A-11D0-8D11-00A0C91BC942}") = "OceanSimulation", "OceanSimulation\OceanSimulation.vcxproj", "{100378F0-7C8E-E5B4-859F-68A9F1A941B5}"
EndProject
Global
	GlobalSection(SolutionConfigurationPlatforms) = preSolution
		Debug|x64 = Debug|x64
		Dist|x64 = Dist|x64
		Release|x64 = Release|x64
	EndGlobalSection
	GlobalSection(ProjectConfigurationPlatforms) = postSolution
		{C0FF640D-2C14-8DBE-F595-301E616989EF}.Debug|x64.ActiveCfg = Debug|x64
		{C0FF640D-2C14-8DBE-F595-301E616989EF}.Debug|x64.Build.0 = Debug|x64
		{C0FF640D-2C14-8DBE-F595-301E616989EF}.Dist|x64.ActiveCfg = Dist|x64
		{C0FF640D-2C14-8DBE-F595-301E616989EF}.Dist|x64.Build.0 = Dist|x64
		{C0FF640D-2C14-8DBE-F595-301E616989EF}.Release|x64.ActiveCfg = Release|x64
		{C0FF640D-2C14-8DBE-F595-301E616989EF}.Release|x64.Build.0 = Release|x64
		{100378F0-7C8E-E5B4-859F-68A9F1A941B5}.Debug|x64.ActiveCfg = Debug|x64
		{100378F0-7C8E-E5B4-859F-68A9F1A941B5}.Debug|x64.Build.0 = Debug|x64
		{100378F0-7C8E-E5B4-859F-68A9F1A941B5}.Dist|x64.ActiveCfg = Dist|x64
		{100378F0-7C8E-E5B4-859F-68A9F1A941B5}.Dist|x64.Build.0 = Dist|x64
		{100378F0-7C8E-E5B4-859F-68A9F1A941B5}.Release|x64.ActiveCfg = Release|x64
		{100378F0-7C8E-E5B4-859F-68A9F1A941B5}.Release|x64.Build.0 = Release|x64
	EndGlobalSection
	GlobalSection(SolutionProperties) = preSolution
		HideSolutionNode = FALSE
	EndGlobalSection
EndGlobal
